
Microsoft Visual Studio Solution File, Format Version 12.00
# Visual Studio Version 17
VisualStudioVersion = 17.3.32825.248
MinimumVisualStudioVersion = 10.0.40219.1
Project("{FAE04EC0-301F-11D3-BF4B-00C04F79EFBC}") = "lab3_z1", "lab3_z1.csproj", "{4C311B11-A5BC-4FFB-8E94-B4BC81D3EC9F}"
EndProject
Global
	GlobalSection(SolutionConfigurationPlatforms) = preSolution
		Debug|Any CPU = Debug|Any CPU
		Release|Any CPU = Release|Any CPU
	EndGlobalSection
	GlobalSection(ProjectConfigurationPlatforms) = postSolution
		{4C311B11-A5BC-4FFB-8E94-B4BC81D3EC9F}.Debug|Any CPU.ActiveCfg = Debug|Any CPU
		{4C311B11-A5BC-4FFB-8E94-B4BC81D3EC9F}.Debug|Any CPU.Build.0 = Debug|Any CPU
		{4C311B11-A5BC-4FFB-8E94-B4BC81D3EC9F}.Release|Any CPU.ActiveCfg = Release|Any CPU
		{4C311B11-A5BC-4FFB-8E94-B4BC81D3EC9F}.Release|Any CPU.Build.0 = Release|Any CPU
	EndGlobalSection
	GlobalSection(SolutionProperties) = preSolution
		HideSolutionNode = FALSE
	EndGlobalSection
	GlobalSection(ExtensibilityGlobals) = postSolution
		SolutionGuid = {0BF147DF-2CB7-4F28-8758-B28DC2EC6F54}
	EndGlobalSection
EndGlobal
